Microsoft Visual Studio Solution File, Format Version 12.00
# Visual Studio Version 17
VisualStudioVersion = 17.5.2.0
MinimumVisualStudioVersion = 10.0.40219.1
Project("{FAE04EC0-301F-11D3-BF4B-00C04F79EFBC}") = "Lab1", "Lab1\Lab1.csproj", "{4C38379F-6B46-EF58-4F1F-EC66EF1F7497}"
EndProject
Project("{FAE04EC0-301F-11D3-BF4B-00C04F79EFBC}") = "Lab2", "Lab2\Lab2.csproj", "{FB7801B2-9992-4789-823F-60C7AA8172B5}"
EndProject
Project("{FAE04EC0-301F-11D3-BF4B-00C04F79EFBC}") = "Lab3", "Lab3\Lab3.csproj", "{95A493B4-8947-48A0-84D9-CA39E968D384}"
EndProject
Project("{FAE04EC0-301F-11D3-BF4B-00C04F79EFBC}") = "Lab4", "Lab4\Lab4.csproj", "{366C86A0-6C4F-4C85-92CD-2F1D6BFBE0E9}"
EndProject
Project("{FAE04EC0-301F-11D3-BF4B-00C04F79EFBC}") = "Lab5", "Lab5\Lab5.csproj", "{1ED345A0-5E1F-434A-B7AC-78BAD3F5D061}"
EndProject
Global
	GlobalSection(SolutionConfigurationPlatforms) = preSolution
		Debug|Any CPU = Debug|Any CPU
		Release|Any CPU = Release|Any CPU
	EndGlobalSection
	GlobalSection(ProjectConfigurationPlatforms) = postSolution
		{4C38379F-6B46-EF58-4F1F-EC66EF1F7497}.Debug|Any CPU.ActiveCfg = Debug|Any CPU
		{4C38379F-6B46-EF58-4F1F-EC66EF1F7497}.Debug|Any CPU.Build.0 = Debug|Any CPU
		{4C38379F-6B46-EF58-4F1F-EC66EF1F7497}.Release|Any CPU.ActiveCfg = Release|Any CPU
		{4C38379F-6B46-EF58-4F1F-EC66EF1F7497}.Release|Any CPU.Build.0 = Release|Any CPU
		{FB7801B2-9992-4789-823F-60C7AA8172B5}.Debug|Any CPU.ActiveCfg = Debug|Any CPU
		{FB7801B2-9992-4789-823F-60C7AA8172B5}.Debug|Any CPU.Build.0 = Debug|Any CPU
		{FB7801B2-9992-4789-823F-60C7AA8172B5}.Release|Any CPU.ActiveCfg = Release|Any CPU
		{FB7801B2-9992-4789-823F-60C7AA8172B5}.Release|Any CPU.Build.0 = Release|Any CPU
		{95A493B4-8947-48A0-84D9-CA39E968D384}.Debug|Any CPU.ActiveCfg = Debug|Any CPU
		{95A493B4-8947-48A0-84D9-CA39E968D384}.Debug|Any CPU.Build.0 = Debug|Any CPU
		{95A493B4-8947-48A0-84D9-CA39E968D384}.Release|Any CPU.ActiveCfg = Release|Any CPU
		{95A493B4-8947-48A0-84D9-CA39E968D384}.Release|Any CPU.Build.0 = Release|Any CPU
		{366C86A0-6C4F-4C85-92CD-2F1D6BFBE0E9}.Debug|Any CPU.ActiveCfg = Debug|Any CPU
		{366C86A0-6C4F-4C85-92CD-2F1D6BFBE0E9}.Debug|Any CPU.Build.0 = Debug|Any CPU
		{366C86A0-6C4F-4C85-92CD-2F1D6BFBE0E9}.Release|Any CPU.ActiveCfg = Release|Any CPU
		{366C86A0-6C4F-4C85-92CD-2F1D6BFBE0E9}.Release|Any CPU.Build.0 = Release|Any CPU
		{1ED345A0-5E1F-434A-B7AC-78BAD3F5D061}.Debug|Any CPU.ActiveCfg = Debug|Any CPU
		{1ED345A0-5E1F-434A-B7AC-78BAD3F5D061}.Debug|Any CPU.Build.0 = Debug|Any CPU
		{1ED345A0-5E1F-434A-B7AC-78BAD3F5D061}.Release|Any CPU.ActiveCfg = Release|Any CPU
		{1ED345A0-5E1F-434A-B7AC-78BAD3F5D061}.Release|Any CPU.Build.0 = Release|Any CPU
	EndGlobalSection
	GlobalSection(SolutionProperties) = preSolution
		HideSolutionNode = FALSE
	EndGlobalSection
	GlobalSection(ExtensibilityGlobals) = postSolution
		SolutionGuid = {268F6346-A077-4236-9020-C4664E0E34A0}
	EndGlobalSection
EndGlobal
